// !$*UTF8*$!
{
	archiveVersion = 1;
	classes = {
	};
	objectVersion = 55;
	objects = {

/* Begin PBXBuildFile section */
		082FFF3629A8DDA0002F85B6 /* NewsDetailed-UI.swift in Sources */ = {isa = PBXBuildFile; fileRef = 082FFF3529A8DDA0002F85B6 /* NewsDetailed-UI.swift */; };
		082FFF3829A8DDB1002F85B6 /* NewsDetailedContract.swift in Sources */ = {isa = PBXBuildFile; fileRef = 082FFF3729A8DDB1002F85B6 /* NewsDetailedContract.swift */; };
		082FFF3A29A8DDCB002F85B6 /* NewsDetailedViewController.swift in Sources */ = {isa = PBXBuildFile; fileRef = 082FFF3929A8DDCB002F85B6 /* NewsDetailedViewController.swift */; };
		082FFF3C29A8DDE8002F85B6 /* NewsDetailedPresenter.swift in Sources */ = {isa = PBXBuildFile; fileRef = 082FFF3B29A8DDE8002F85B6 /* NewsDetailedPresenter.swift */; };
		082FFF3E29A8DDF8002F85B6 /* NewsDetailedRouter.swift in Sources */ = {isa = PBXBuildFile; fileRef = 082FFF3D29A8DDF8002F85B6 /* NewsDetailedRouter.swift */; };
		082FFF4029A8E168002F85B6 /* NewsDetailedInteractor.swift in Sources */ = {isa = PBXBuildFile; fileRef = 082FFF3F29A8E168002F85B6 /* NewsDetailedInteractor.swift */; };
		082FFF5629A8F47A002F85B6 /* Poppins-ExtraLight.ttf in Resources */ = {isa = PBXBuildFile; fileRef = 082FFF4329A8F47A002F85B6 /* Poppins-ExtraLight.ttf */; };
		082FFF5729A8F47A002F85B6 /* Poppins-ThinItalic.ttf in Resources */ = {isa = PBXBuildFile; fileRef = 082FFF4429A8F47A002F85B6 /* Poppins-ThinItalic.ttf */; };
		082FFF5829A8F47A002F85B6 /* Poppins-ExtraLightItalic.ttf in Resources */ = {isa = PBXBuildFile; fileRef = 082FFF4529A8F47A002F85B6 /* Poppins-ExtraLightItalic.ttf */; };
		082FFF5929A8F47A002F85B6 /* Poppins-BoldItalic.ttf in Resources */ = {isa = PBXBuildFile; fileRef = 082FFF4629A8F47A002F85B6 /* Poppins-BoldItalic.ttf */; };
		082FFF5A29A8F47A002F85B6 /* Poppins-Light.ttf in Resources */ = {isa = PBXBuildFile; fileRef = 082FFF4729A8F47A002F85B6 /* Poppins-Light.ttf */; };
		082FFF5B29A8F47A002F85B6 /* Poppins-Medium.ttf in Resources */ = {isa = PBXBuildFile; fileRef = 082FFF4829A8F47A002F85B6 /* Poppins-Medium.ttf */; };
		082FFF5C29A8F47A002F85B6 /* Poppins-SemiBoldItalic.ttf in Resources */ = {isa = PBXBuildFile; fileRef = 082FFF4929A8F47A002F85B6 /* Poppins-SemiBoldItalic.ttf */; };
		082FFF5D29A8F47A002F85B6 /* Poppins-ExtraBoldItalic.ttf in Resources */ = {isa = PBXBuildFile; fileRef = 082FFF4A29A8F47A002F85B6 /* Poppins-ExtraBoldItalic.ttf */; };
		082FFF5E29A8F47A002F85B6 /* Poppins-ExtraBold.ttf in Resources */ = {isa = PBXBuildFile; fileRef = 082FFF4B29A8F47A002F85B6 /* Poppins-ExtraBold.ttf */; };
		082FFF5F29A8F47A002F85B6 /* Poppins-BlackItalic.ttf in Resources */ = {isa = PBXBuildFile; fileRef = 082FFF4C29A8F47A002F85B6 /* Poppins-BlackItalic.ttf */; };
		082FFF6029A8F47A002F85B6 /* OFL.txt in Resources */ = {isa = PBXBuildFile; fileRef = 082FFF4D29A8F47A002F85B6 /* OFL.txt */; };
		082FFF6129A8F47A002F85B6 /* Poppins-Regular.ttf in Resources */ = {isa = PBXBuildFile; fileRef = 082FFF4E29A8F47A002F85B6 /* Poppins-Regular.ttf */; };
		082FFF6229A8F47A002F85B6 /* Poppins-LightItalic.ttf in Resources */ = {isa = PBXBuildFile; fileRef = 082FFF4F29A8F47A002F85B6 /* Poppins-LightItalic.ttf */; };
		082FFF6329A8F47A002F85B6 /* Poppins-Bold.ttf in Resources */ = {isa = PBXBuildFile; fileRef = 082FFF5029A8F47A002F85B6 /* Poppins-Bold.ttf */; };
		082FFF6429A8F47A002F85B6 /* Poppins-Black.ttf in Resources */ = {isa = PBXBuildFile; fileRef = 082FFF5129A8F47A002F85B6 /* Poppins-Black.ttf */; };
		082FFF6529A8F47A002F85B6 /* Poppins-Thin.ttf in Resources */ = {isa = PBXBuildFile; fileRef = 082FFF5229A8F47A002F85B6 /* Poppins-Thin.ttf */; };
		082FFF6629A8F47A002F85B6 /* Poppins-SemiBold.ttf in Resources */ = {isa = PBXBuildFile; fileRef = 082FFF5329A8F47A002F85B6 /* Poppins-SemiBold.ttf */; };
		082FFF6729A8F47A002F85B6 /* Poppins-Italic.ttf in Resources */ = {isa = PBXBuildFile; fileRef = 082FFF5429A8F47A002F85B6 /* Poppins-Italic.ttf */; };
		082FFF6829A8F47A002F85B6 /* Poppins-MediumItalic.ttf in Resources */ = {isa = PBXBuildFile; fileRef = 082FFF5529A8F47A002F85B6 /* Poppins-MediumItalic.ttf */; };
		08476B6D29A4EAFF006D7509 /* AllNews-UI.swift in Sources */ = {isa = PBXBuildFile; fileRef = 08476B6C29A4EAFF006D7509 /* AllNews-UI.swift */; };
		08476B6F29A4EB16006D7509 /* AllNewsContract.swift in Sources */ = {isa = PBXBuildFile; fileRef = 08476B6E29A4EB16006D7509 /* AllNewsContract.swift */; };
		08476B7129A4EB2A006D7509 /* AllNewsViewController.swift in Sources */ = {isa = PBXBuildFile; fileRef = 08476B7029A4EB2A006D7509 /* AllNewsViewController.swift */; };
		08476B7329A4EB4B006D7509 /* AllNewsPresenter.swift in Sources */ = {isa = PBXBuildFile; fileRef = 08476B7229A4EB4B006D7509 /* AllNewsPresenter.swift */; };
		08476B7529A4EB69006D7509 /* AllNewsRouter.swift in Sources */ = {isa = PBXBuildFile; fileRef = 08476B7429A4EB69006D7509 /* AllNewsRouter.swift */; };
		08476B7729A4EB78006D7509 /* AllNewsInteractor.swift in Sources */ = {isa = PBXBuildFile; fileRef = 08476B7629A4EB78006D7509 /* AllNewsInteractor.swift */; };
		08639A2929A5FC61002E0D48 /* NewsDM.swift in Sources */ = {isa = PBXBuildFile; fileRef = 08639A2829A5FC61002E0D48 /* NewsDM.swift */; };
		08EC25A329A341F700DAC561 /* MainVC.swift in Sources */ = {isa = PBXBuildFile; fileRef = 08EC25A229A341F700DAC561 /* MainVC.swift */; };
		08EC25B829A39EB300DAC561 /* HomeContact.swift in Sources */ = {isa = PBXBuildFile; fileRef = 08EC25B729A39EB300DAC561 /* HomeContact.swift */; };
		08EC25BA29A39ED100DAC561 /* HomePresenter.swift in Sources */ = {isa = PBXBuildFile; fileRef = 08EC25B929A39ED100DAC561 /* HomePresenter.swift */; };
		08EC25BC29A39EEE00DAC561 /* HomeRouter.swift in Sources */ = {isa = PBXBuildFile; fileRef = 08EC25BB29A39EEE00DAC561 /* HomeRouter.swift */; };
		08EC25BE29A39EFD00DAC561 /* HomeViewController.swift in Sources */ = {isa = PBXBuildFile; fileRef = 08EC25BD29A39EFD00DAC561 /* HomeViewController.swift */; };
		08EC25C029A39F0D00DAC561 /* HomeInteractor.swift in Sources */ = {isa = PBXBuildFile; fileRef = 08EC25BF29A39F0D00DAC561 /* HomeInteractor.swift */; };
		08EC25C429A39FC700DAC561 /* UmraGideContract.swift in Sources */ = {isa = PBXBuildFile; fileRef = 08EC25C329A39FC700DAC561 /* UmraGideContract.swift */; };
		08EC25C629A39FDA00DAC561 /* UmraGidePresenter.swift in Sources */ = {isa = PBXBuildFile; fileRef = 08EC25C529A39FDA00DAC561 /* UmraGidePresenter.swift */; };
		08EC25C829A39FE800DAC561 /* UmraGideRouter.swift in Sources */ = {isa = PBXBuildFile; fileRef = 08EC25C729A39FE800DAC561 /* UmraGideRouter.swift */; };
		08EC25CA29A39FFD00DAC561 /* UmraGideViewController.swift in Sources */ = {isa = PBXBuildFile; fileRef = 08EC25C929A39FFD00DAC561 /* UmraGideViewController.swift */; };
		08EC25CC29A3A00E00DAC561 /* UmraGideInteractor.swift in Sources */ = {isa = PBXBuildFile; fileRef = 08EC25CB29A3A00E00DAC561 /* UmraGideInteractor.swift */; };
		305DBDEF29A48EA300D962EF /* Home-UI.swift in Sources */ = {isa = PBXBuildFile; fileRef = 305DBDEE29A48EA300D962EF /* Home-UI.swift */; };
		305DBDF229A4940000D962EF /* HomeNewsCVC.swift in Sources */ = {isa = PBXBuildFile; fileRef = 305DBDF129A4940000D962EF /* HomeNewsCVC.swift */; };
		305DBDF429A4945E00D962EF /* HomeGuideCVC.swift in Sources */ = {isa = PBXBuildFile; fileRef = 305DBDF329A4945E00D962EF /* HomeGuideCVC.swift */; };
		305DBDF829A4952E00D962EF /* HomeReusableHeaderView.swift in Sources */ = {isa = PBXBuildFile; fileRef = 305DBDF729A4952E00D962EF /* HomeReusableHeaderView.swift */; };
		305DBDFC29A4980900D962EF /* ClassIdentifiable.swift in Sources */ = {isa = PBXBuildFile; fileRef = 305DBDFB29A4980900D962EF /* ClassIdentifiable.swift */; };
		305DBDFE29A4982A00D962EF /* UITableView+ClassIdentifiable.swift in Sources */ = {isa = PBXBuildFile; fileRef = 305DBDFD29A4982A00D962EF /* UITableView+ClassIdentifiable.swift */; };
		305DBE0029A4984200D962EF /* UICollectionView+ClassIdentifiable.swift in Sources */ = {isa = PBXBuildFile; fileRef = 305DBDFF29A4984200D962EF /* UICollectionView+ClassIdentifiable.swift */; };
		305DBE0329A498EE00D962EF /* UIWindow+Extension.swift in Sources */ = {isa = PBXBuildFile; fileRef = 305DBE0229A498EE00D962EF /* UIWindow+Extension.swift */; };
		307344A029A65D700051BFFD /* UmraGide-UI.swift in Sources */ = {isa = PBXBuildFile; fileRef = 3073449F29A65D700051BFFD /* UmraGide-UI.swift */; };
		30A9890229A8ECBA00CD602F /* UmraGideService.swift in Sources */ = {isa = PBXBuildFile; fileRef = 30A9890129A8ECBA00CD602F /* UmraGideService.swift */; };
		30A9C35D29A32AD700C9EEEA /* AppDelegate.swift in Sources */ = {isa = PBXBuildFile; fileRef = 30A9C35C29A32AD700C9EEEA /* AppDelegate.swift */; };
		30A9C36629A32AD800C9EEEA /* Assets.xcassets in Resources */ = {isa = PBXBuildFile; fileRef = 30A9C36529A32AD800C9EEEA /* Assets.xcassets */; };
		30A9C36929A32AD800C9EEEA /* LaunchScreen.storyboard in Resources */ = {isa = PBXBuildFile; fileRef = 30A9C36729A32AD800C9EEEA /* LaunchScreen.storyboard */; };
		30AA27B029A5E0490014C351 /* APIManager.swift in Sources */ = {isa = PBXBuildFile; fileRef = 30AA27AF29A5E0490014C351 /* APIManager.swift */; };
		30AA27B229A5E0660014C351 /* APIClient.swift in Sources */ = {isa = PBXBuildFile; fileRef = 30AA27B129A5E0660014C351 /* APIClient.swift */; };
		30AA27B429A5E9380014C351 /* HomeService.swift in Sources */ = {isa = PBXBuildFile; fileRef = 30AA27B329A5E9380014C351 /* HomeService.swift */; };
		30AA27B629A5EBED0014C351 /* Endpoints.swift in Sources */ = {isa = PBXBuildFile; fileRef = 30AA27B529A5EBED0014C351 /* Endpoints.swift */; };
		30AC276B29A9DEC9005DE047 /* UIFont+App.swift in Sources */ = {isa = PBXBuildFile; fileRef = 30AC276A29A9DEC9005DE047 /* UIFont+App.swift */; };
		30C71D5329A50DAE00E5F6CF /* UIView+Subviews.swift in Sources */ = {isa = PBXBuildFile; fileRef = 30C71D5229A50DAE00E5F6CF /* UIView+Subviews.swift */; };
		30C71D5529A50DCC00E5F6CF /* UIView+Shadow.swift in Sources */ = {isa = PBXBuildFile; fileRef = 30C71D5429A50DCC00E5F6CF /* UIView+Shadow.swift */; };
		30C71D5729A50E0500E5F6CF /* CALayer+Shadow.swift in Sources */ = {isa = PBXBuildFile; fileRef = 30C71D5629A50E0500E5F6CF /* CALayer+Shadow.swift */; };
		30C71D5929A50E5900E5F6CF /* UIViewController+Extensions.swift in Sources */ = {isa = PBXBuildFile; fileRef = 30C71D5829A50E5900E5F6CF /* UIViewController+Extensions.swift */; };
		30C71D5B29A5225200E5F6CF /* HomeViewController+Layout.swift in Sources */ = {isa = PBXBuildFile; fileRef = 30C71D5A29A5225200E5F6CF /* HomeViewController+Layout.swift */; };
		30C71D5E29A528B500E5F6CF /* UIColor+App.swift in Sources */ = {isa = PBXBuildFile; fileRef = 30C71D5D29A528B500E5F6CF /* UIColor+App.swift */; };
		30CC5EBA29A757A0005C158A /* HandbookDM.swift in Sources */ = {isa = PBXBuildFile; fileRef = 30CC5EB929A757A0005C158A /* HandbookDM.swift */; };
		30CC5EBE29A757BC005C158A /* UmraGideTVC.swift in Sources */ = {isa = PBXBuildFile; fileRef = 30CC5EBC29A757BC005C158A /* UmraGideTVC.swift */; };
		30CC5EBF29A757BC005C158A /* UmraGideTopImageTVC.swift in Sources */ = {isa = PBXBuildFile; fileRef = 30CC5EBD29A757BC005C158A /* UmraGideTopImageTVC.swift */; };
		F984BFFBFD2A39BC20E316F3 /* Pods_Nur_Umra.framework in Frameworks */ = {isa = PBXBuildFile; fileRef = BA4BA30C2E6F8DF0B7CEE341 /* Pods_Nur_Umra.framework */; };
/* End PBXBuildFile section */

/* Begin PBXFileReference section */
		082FFF3529A8DDA0002F85B6 /* NewsDetailed-UI.swift */ = {isa = PBXFileReference; lastKnownFileType = sourcecode.swift; path = "NewsDetailed-UI.swift"; sourceTree = "<group>"; };
		082FFF3729A8DDB1002F85B6 /* NewsDetailedContract.swift */ = {isa = PBXFileReference; lastKnownFileType = sourcecode.swift; path = NewsDetailedContract.swift; sourceTree = "<group>"; };
		082FFF3929A8DDCB002F85B6 /* NewsDetailedViewController.swift */ = {isa = PBXFileReference; lastKnownFileType = sourcecode.swift; path = NewsDetailedViewController.swift; sourceTree = "<group>"; };
		082FFF3B29A8DDE8002F85B6 /* NewsDetailedPresenter.swift */ = {isa = PBXFileReference; lastKnownFileType = sourcecode.swift; path = NewsDetailedPresenter.swift; sourceTree = "<group>"; };
		082FFF3D29A8DDF8002F85B6 /* NewsDetailedRouter.swift */ = {isa = PBXFileReference; lastKnownFileType = sourcecode.swift; path = NewsDetailedRouter.swift; sourceTree = "<group>"; };
		082FFF3F29A8E168002F85B6 /* NewsDetailedInteractor.swift */ = {isa = PBXFileReference; lastKnownFileType = sourcecode.swift; path = NewsDetailedInteractor.swift; sourceTree = "<group>"; };
		082FFF4329A8F47A002F85B6 /* Poppins-ExtraLight.ttf */ = {isa = PBXFileReference; lastKnownFileType = file; path = "Poppins-ExtraLight.ttf"; sourceTree = "<group>"; };
		082FFF4429A8F47A002F85B6 /* Poppins-ThinItalic.ttf */ = {isa = PBXFileReference; lastKnownFileType = file; path = "Poppins-ThinItalic.ttf"; sourceTree = "<group>"; };
		082FFF4529A8F47A002F85B6 /* Poppins-ExtraLightItalic.ttf */ = {isa = PBXFileReference; lastKnownFileType = file; path = "Poppins-ExtraLightItalic.ttf"; sourceTree = "<group>"; };
		082FFF4629A8F47A002F85B6 /* Poppins-BoldItalic.ttf */ = {isa = PBXFileReference; lastKnownFileType = file; path = "Poppins-BoldItalic.ttf"; sourceTree = "<group>"; };
		082FFF4729A8F47A002F85B6 /* Poppins-Light.ttf */ = {isa = PBXFileReference; lastKnownFileType = file; path = "Poppins-Light.ttf"; sourceTree = "<group>"; };
		082FFF4829A8F47A002F85B6 /* Poppins-Medium.ttf */ = {isa = PBXFileReference; lastKnownFileType = file; path = "Poppins-Medium.ttf"; sourceTree = "<group>"; };
		082FFF4929A8F47A002F85B6 /* Poppins-SemiBoldItalic.ttf */ = {isa = PBXFileReference; lastKnownFileType = file; path = "Poppins-SemiBoldItalic.ttf"; sourceTree = "<group>"; };
		082FFF4A29A8F47A002F85B6 /* Poppins-ExtraBoldItalic.ttf */ = {isa = PBXFileReference; lastKnownFileType = file; path = "Poppins-ExtraBoldItalic.ttf"; sourceTree = "<group>"; };
		082FFF4B29A8F47A002F85B6 /* Poppins-ExtraBold.ttf */ = {isa = PBXFileReference; lastKnownFileType = file; path = "Poppins-ExtraBold.ttf"; sourceTree = "<group>"; };
		082FFF4C29A8F47A002F85B6 /* Poppins-BlackItalic.ttf */ = {isa = PBXFileReference; lastKnownFileType = file; path = "Poppins-BlackItalic.ttf"; sourceTree = "<group>"; };
		082FFF4D29A8F47A002F85B6 /* OFL.txt */ = {isa = PBXFileReference; fileEncoding = 4; lastKnownFileType = text; path = OFL.txt; sourceTree = "<group>"; };
		082FFF4E29A8F47A002F85B6 /* Poppins-Regular.ttf */ = {isa = PBXFileReference; lastKnownFileType = file; path = "Poppins-Regular.ttf"; sourceTree = "<group>"; };
		082FFF4F29A8F47A002F85B6 /* Poppins-LightItalic.ttf */ = {isa = PBXFileReference; lastKnownFileType = file; path = "Poppins-LightItalic.ttf"; sourceTree = "<group>"; };
		082FFF5029A8F47A002F85B6 /* Poppins-Bold.ttf */ = {isa = PBXFileReference; lastKnownFileType = file; path = "Poppins-Bold.ttf"; sourceTree = "<group>"; };
		082FFF5129A8F47A002F85B6 /* Poppins-Black.ttf */ = {isa = PBXFileReference; lastKnownFileType = file; path = "Poppins-Black.ttf"; sourceTree = "<group>"; };
		082FFF5229A8F47A002F85B6 /* Poppins-Thin.ttf */ = {isa = PBXFileReference; lastKnownFileType = file; path = "Poppins-Thin.ttf"; sourceTree = "<group>"; };
		082FFF5329A8F47A002F85B6 /* Poppins-SemiBold.ttf */ = {isa = PBXFileReference; lastKnownFileType = file; path = "Poppins-SemiBold.ttf"; sourceTree = "<group>"; };
		082FFF5429A8F47A002F85B6 /* Poppins-Italic.ttf */ = {isa = PBXFileReference; lastKnownFileType = file; path = "Poppins-Italic.ttf"; sourceTree = "<group>"; };
		082FFF5529A8F47A002F85B6 /* Poppins-MediumItalic.ttf */ = {isa = PBXFileReference; lastKnownFileType = file; path = "Poppins-MediumItalic.ttf"; sourceTree = "<group>"; };
		08476B6C29A4EAFF006D7509 /* AllNews-UI.swift */ = {isa = PBXFileReference; lastKnownFileType = sourcecode.swift; path = "AllNews-UI.swift"; sourceTree = "<group>"; };
		08476B6E29A4EB16006D7509 /* AllNewsContract.swift */ = {isa = PBXFileReference; lastKnownFileType = sourcecode.swift; path = AllNewsContract.swift; sourceTree = "<group>"; };
		08476B7029A4EB2A006D7509 /* AllNewsViewController.swift */ = {isa = PBXFileReference; lastKnownFileType = sourcecode.swift; path = AllNewsViewController.swift; sourceTree = "<group>"; };
		08476B7229A4EB4B006D7509 /* AllNewsPresenter.swift */ = {isa = PBXFileReference; lastKnownFileType = sourcecode.swift; path = AllNewsPresenter.swift; sourceTree = "<group>"; };
		08476B7429A4EB69006D7509 /* AllNewsRouter.swift */ = {isa = PBXFileReference; lastKnownFileType = sourcecode.swift; path = AllNewsRouter.swift; sourceTree = "<group>"; };
		08476B7629A4EB78006D7509 /* AllNewsInteractor.swift */ = {isa = PBXFileReference; lastKnownFileType = sourcecode.swift; path = AllNewsInteractor.swift; sourceTree = "<group>"; };
		08639A2829A5FC61002E0D48 /* NewsDM.swift */ = {isa = PBXFileReference; lastKnownFileType = sourcecode.swift; path = NewsDM.swift; sourceTree = "<group>"; };
		08EC25A229A341F700DAC561 /* MainVC.swift */ = {isa = PBXFileReference; lastKnownFileType = sourcecode.swift; path = MainVC.swift; sourceTree = "<group>"; };
		08EC25B729A39EB300DAC561 /* HomeContact.swift */ = {isa = PBXFileReference; lastKnownFileType = sourcecode.swift; path = HomeContact.swift; sourceTree = "<group>"; };
		08EC25B929A39ED100DAC561 /* HomePresenter.swift */ = {isa = PBXFileReference; lastKnownFileType = sourcecode.swift; path = HomePresenter.swift; sourceTree = "<group>"; };
		08EC25BB29A39EEE00DAC561 /* HomeRouter.swift */ = {isa = PBXFileReference; lastKnownFileType = sourcecode.swift; path = HomeRouter.swift; sourceTree = "<group>"; };
		08EC25BD29A39EFD00DAC561 /* HomeViewController.swift */ = {isa = PBXFileReference; lastKnownFileType = sourcecode.swift; path = HomeViewController.swift; sourceTree = "<group>"; };
		08EC25BF29A39F0D00DAC561 /* HomeInteractor.swift */ = {isa = PBXFileReference; lastKnownFileType = sourcecode.swift; path = HomeInteractor.swift; sourceTree = "<group>"; };
		08EC25C329A39FC700DAC561 /* UmraGideContract.swift */ = {isa = PBXFileReference; lastKnownFileType = sourcecode.swift; path = UmraGideContract.swift; sourceTree = "<group>"; };
		08EC25C529A39FDA00DAC561 /* UmraGidePresenter.swift */ = {isa = PBXFileReference; lastKnownFileType = sourcecode.swift; path = UmraGidePresenter.swift; sourceTree = "<group>"; };
		08EC25C729A39FE800DAC561 /* UmraGideRouter.swift */ = {isa = PBXFileReference; lastKnownFileType = sourcecode.swift; path = UmraGideRouter.swift; sourceTree = "<group>"; };
		08EC25C929A39FFD00DAC561 /* UmraGideViewController.swift */ = {isa = PBXFileReference; lastKnownFileType = sourcecode.swift; path = UmraGideViewController.swift; sourceTree = "<group>"; };
		08EC25CB29A3A00E00DAC561 /* UmraGideInteractor.swift */ = {isa = PBXFileReference; lastKnownFileType = sourcecode.swift; path = UmraGideInteractor.swift; sourceTree = "<group>"; };
		305DBDEE29A48EA300D962EF /* Home-UI.swift */ = {isa = PBXFileReference; lastKnownFileType = sourcecode.swift; path = "Home-UI.swift"; sourceTree = "<group>"; };
		305DBDF129A4940000D962EF /* HomeNewsCVC.swift */ = {isa = PBXFileReference; lastKnownFileType = sourcecode.swift; path = HomeNewsCVC.swift; sourceTree = "<group>"; };
		305DBDF329A4945E00D962EF /* HomeGuideCVC.swift */ = {isa = PBXFileReference; lastKnownFileType = sourcecode.swift; path = HomeGuideCVC.swift; sourceTree = "<group>"; };
		305DBDF729A4952E00D962EF /* HomeReusableHeaderView.swift */ = {isa = PBXFileReference; lastKnownFileType = sourcecode.swift; path = HomeReusableHeaderView.swift; sourceTree = "<group>"; };
		305DBDFB29A4980900D962EF /* ClassIdentifiable.swift */ = {isa = PBXFileReference; lastKnownFileType = sourcecode.swift; path = ClassIdentifiable.swift; sourceTree = "<group>"; };
		305DBDFD29A4982A00D962EF /* UITableView+ClassIdentifiable.swift */ = {isa = PBXFileReference; lastKnownFileType = sourcecode.swift; path = "UITableView+ClassIdentifiable.swift"; sourceTree = "<group>"; };
		305DBDFF29A4984200D962EF /* UICollectionView+ClassIdentifiable.swift */ = {isa = PBXFileReference; lastKnownFileType = sourcecode.swift; path = "UICollectionView+ClassIdentifiable.swift"; sourceTree = "<group>"; };
		305DBE0229A498EE00D962EF /* UIWindow+Extension.swift */ = {isa = PBXFileReference; lastKnownFileType = sourcecode.swift; path = "UIWindow+Extension.swift"; sourceTree = "<group>"; };
		3073449F29A65D700051BFFD /* UmraGide-UI.swift */ = {isa = PBXFileReference; lastKnownFileType = sourcecode.swift; path = "UmraGide-UI.swift"; sourceTree = "<group>"; };
		30A9890129A8ECBA00CD602F /* UmraGideService.swift */ = {isa = PBXFileReference; lastKnownFileType = sourcecode.swift; name = UmraGideService.swift; path = Nur_Umra/Classes/Common/Entites/UmraGideService.swift; sourceTree = SOURCE_ROOT; };
		30A9C35929A32AD700C9EEEA /* Nur_Umra.app */ = {isa = PBXFileReference; explicitFileType = wrapper.application; includeInIndex = 0; path = Nur_Umra.app; sourceTree = BUILT_PRODUCTS_DIR; };
		30A9C35C29A32AD700C9EEEA /* AppDelegate.swift */ = {isa = PBXFileReference; lastKnownFileType = sourcecode.swift; path = AppDelegate.swift; sourceTree = "<group>"; };
		30A9C36529A32AD800C9EEEA /* Assets.xcassets */ = {isa = PBXFileReference; lastKnownFileType = folder.assetcatalog; path = Assets.xcassets; sourceTree = "<group>"; };
		30A9C36829A32AD800C9EEEA /* Base */ = {isa = PBXFileReference; lastKnownFileType = file.storyboard; name = Base; path = Base.lproj/LaunchScreen.storyboard; sourceTree = "<group>"; };
		30A9C36A29A32AD800C9EEEA /* Info.plist */ = {isa = PBXFileReference; lastKnownFileType = text.plist.xml; path = Info.plist; sourceTree = "<group>"; };
		30AA27AF29A5E0490014C351 /* APIManager.swift */ = {isa = PBXFileReference; lastKnownFileType = sourcecode.swift; name = APIManager.swift; path = Nur_Umra/Classes/Modules/Home/APIManager.swift; sourceTree = SOURCE_ROOT; };
		30AA27B129A5E0660014C351 /* APIClient.swift */ = {isa = PBXFileReference; lastKnownFileType = sourcecode.swift; name = APIClient.swift; path = Nur_Umra/Classes/Modules/Home/APIClient.swift; sourceTree = SOURCE_ROOT; };
		30AA27B329A5E9380014C351 /* HomeService.swift */ = {isa = PBXFileReference; lastKnownFileType = sourcecode.swift; name = HomeService.swift; path = Nur_Umra/Classes/Modules/Home/HomeService.swift; sourceTree = SOURCE_ROOT; };
		30AA27B529A5EBED0014C351 /* Endpoints.swift */ = {isa = PBXFileReference; lastKnownFileType = sourcecode.swift; name = Endpoints.swift; path = Nur_Umra/Classes/Modules/Home/Endpoints.swift; sourceTree = SOURCE_ROOT; };
		30AC276A29A9DEC9005DE047 /* UIFont+App.swift */ = {isa = PBXFileReference; lastKnownFileType = sourcecode.swift; path = "UIFont+App.swift"; sourceTree = "<group>"; };
		30C71D5229A50DAE00E5F6CF /* UIView+Subviews.swift */ = {isa = PBXFileReference; lastKnownFileType = sourcecode.swift; path = "UIView+Subviews.swift"; sourceTree = "<group>"; };
		30C71D5429A50DCC00E5F6CF /* UIView+Shadow.swift */ = {isa = PBXFileReference; lastKnownFileType = sourcecode.swift; path = "UIView+Shadow.swift"; sourceTree = "<group>"; };
		30C71D5629A50E0500E5F6CF /* CALayer+Shadow.swift */ = {isa = PBXFileReference; lastKnownFileType = sourcecode.swift; path = "CALayer+Shadow.swift"; sourceTree = "<group>"; };
		30C71D5829A50E5900E5F6CF /* UIViewController+Extensions.swift */ = {isa = PBXFileReference; lastKnownFileType = sourcecode.swift; path = "UIViewController+Extensions.swift"; sourceTree = "<group>"; };
		30C71D5A29A5225200E5F6CF /* HomeViewController+Layout.swift */ = {isa = PBXFileReference; lastKnownFileType = sourcecode.swift; path = "HomeViewController+Layout.swift"; sourceTree = "<group>"; };
		30C71D5D29A528B500E5F6CF /* UIColor+App.swift */ = {isa = PBXFileReference; lastKnownFileType = sourcecode.swift; path = "UIColor+App.swift"; sourceTree = "<group>"; };
		30CC5EB929A757A0005C158A /* HandbookDM.swift */ = {isa = PBXFileReference; fileEncoding = 4; lastKnownFileType = sourcecode.swift; path = HandbookDM.swift; sourceTree = "<group>"; };
		30CC5EBC29A757BC005C158A /* UmraGideTVC.swift */ = {isa = PBXFileReference; fileEncoding = 4; lastKnownFileType = sourcecode.swift; path = UmraGideTVC.swift; sourceTree = "<group>"; };
		30CC5EBD29A757BC005C158A /* UmraGideTopImageTVC.swift */ = {isa = PBXFileReference; fileEncoding = 4; lastKnownFileType = sourcecode.swift; path = UmraGideTopImageTVC.swift; sourceTree = "<group>"; };
		8B68D0C6A4E41D488AE64253 /* Pods-Nur_Umra.release.xcconfig */ = {isa = PBXFileReference; includeInIndex = 1; lastKnownFileType = text.xcconfig; name = "Pods-Nur_Umra.release.xcconfig"; path = "Target Support Files/Pods-Nur_Umra/Pods-Nur_Umra.release.xcconfig"; sourceTree = "<group>"; };
		8DCE3CF87F82B0ACD7566477 /* Pods-Nur_Umra.debug.xcconfig */ = {isa = PBXFileReference; includeInIndex = 1; lastKnownFileType = text.xcconfig; name = "Pods-Nur_Umra.debug.xcconfig"; path = "Target Support Files/Pods-Nur_Umra/Pods-Nur_Umra.debug.xcconfig"; sourceTree = "<group>"; };
		BA4BA30C2E6F8DF0B7CEE341 /* Pods_Nur_Umra.framework */ = {isa = PBXFileReference; explicitFileType = wrapper.framework; includeInIndex = 0; path = Pods_Nur_Umra.framework; sourceTree = BUILT_PRODUCTS_DIR; };
/* End PBXFileReference section */

/* Begin PBXFrameworksBuildPhase section */
		30A9C35629A32AD700C9EEEA /* Frameworks */ = {
			isa = PBXFrameworksBuildPhase;
			buildActionMask = 2147483647;
			files = (
				F984BFFBFD2A39BC20E316F3 /* Pods_Nur_Umra.framework in Frameworks */,
			);
			runOnlyForDeploymentPostprocessing = 0;
		};
/* End PBXFrameworksBuildPhase section */

/* Begin PBXGroup section */
		082FFF3429A8DBB4002F85B6 /* News Detailed */ = {
			isa = PBXGroup;
			children = (
				082FFF3529A8DDA0002F85B6 /* NewsDetailed-UI.swift */,
				082FFF3929A8DDCB002F85B6 /* NewsDetailedViewController.swift */,
				082FFF3B29A8DDE8002F85B6 /* NewsDetailedPresenter.swift */,
				082FFF3D29A8DDF8002F85B6 /* NewsDetailedRouter.swift */,
				082FFF3F29A8E168002F85B6 /* NewsDetailedInteractor.swift */,
				082FFF3729A8DDB1002F85B6 /* NewsDetailedContract.swift */,
			);
			path = "News Detailed";
			sourceTree = "<group>";
		};
		082FFF4129A8F46D002F85B6 /* Font */ = {
			isa = PBXGroup;
			children = (
				082FFF4229A8F47A002F85B6 /* Poppins */,
			);
			path = Font;
			sourceTree = "<group>";
		};
		082FFF4229A8F47A002F85B6 /* Poppins */ = {
			isa = PBXGroup;
			children = (
				082FFF4329A8F47A002F85B6 /* Poppins-ExtraLight.ttf */,
				082FFF4429A8F47A002F85B6 /* Poppins-ThinItalic.ttf */,
				082FFF4529A8F47A002F85B6 /* Poppins-ExtraLightItalic.ttf */,
				082FFF4629A8F47A002F85B6 /* Poppins-BoldItalic.ttf */,
				082FFF4729A8F47A002F85B6 /* Poppins-Light.ttf */,
				082FFF4829A8F47A002F85B6 /* Poppins-Medium.ttf */,
				082FFF4929A8F47A002F85B6 /* Poppins-SemiBoldItalic.ttf */,
				082FFF4A29A8F47A002F85B6 /* Poppins-ExtraBoldItalic.ttf */,
				082FFF4B29A8F47A002F85B6 /* Poppins-ExtraBold.ttf */,
				082FFF4C29A8F47A002F85B6 /* Poppins-BlackItalic.ttf */,
				082FFF4D29A8F47A002F85B6 /* OFL.txt */,
				082FFF4E29A8F47A002F85B6 /* Poppins-Regular.ttf */,
				082FFF4F29A8F47A002F85B6 /* Poppins-LightItalic.ttf */,
				082FFF5029A8F47A002F85B6 /* Poppins-Bold.ttf */,
				082FFF5129A8F47A002F85B6 /* Poppins-Black.ttf */,
				082FFF5229A8F47A002F85B6 /* Poppins-Thin.ttf */,
				082FFF5329A8F47A002F85B6 /* Poppins-SemiBold.ttf */,
				082FFF5429A8F47A002F85B6 /* Poppins-Italic.ttf */,
				082FFF5529A8F47A002F85B6 /* Poppins-MediumItalic.ttf */,
			);
			path = Poppins;
			sourceTree = "<group>";
		};
		08EC25A429A39A0500DAC561 /* Supporting Files */ = {
			isa = PBXGroup;
			children = (
				30A9C36729A32AD800C9EEEA /* LaunchScreen.storyboard */,
			);
			path = "Supporting Files";
			sourceTree = "<group>";
		};
		08EC25A529A39A1800DAC561 /* Classes */ = {
			isa = PBXGroup;
			children = (
				08EC25A729A39A4300DAC561 /* App */,
				08EC25A829A39A5400DAC561 /* Modules */,
				08EC25A929A39AA000DAC561 /* Common */,
				08EC25AB29A39AB700DAC561 /* Managers */,
				08EC25AC29A39AC000DAC561 /* Services */,
			);
			path = Classes;
			sourceTree = "<group>";
		};
		08EC25A629A39A2E00DAC561 /* Resources */ = {
			isa = PBXGroup;
			children = (
				082FFF4129A8F46D002F85B6 /* Font */,
				30C71D5F29A539DE00E5F6CF /* Utility */,
				305DBDF929A497C900D962EF /* Extensions */,
				30A9C36529A32AD800C9EEEA /* Assets.xcassets */,
			);
			path = Resources;
			sourceTree = "<group>";
		};
		08EC25A729A39A4300DAC561 /* App */ = {
			isa = PBXGroup;
			children = (
				30A9C35C29A32AD700C9EEEA /* AppDelegate.swift */,
			);
			path = App;
			sourceTree = "<group>";
		};
		08EC25A829A39A5400DAC561 /* Modules */ = {
			isa = PBXGroup;
			children = (
				08EC25AF29A39B5600DAC561 /* Home */,
				08EC25CF29A3A28E00DAC561 /* AllNews */,
				082FFF3429A8DBB4002F85B6 /* News Detailed */,
				08EC25C129A39F1700DAC561 /* Umra Gides */,
				08EC25C229A39F6500DAC561 /* Umra Gides Detailed */,
			);
			path = Modules;
			sourceTree = "<group>";
		};
		08EC25A929A39AA000DAC561 /* Common */ = {
			isa = PBXGroup;
			children = (
				08EC25AE29A39B0000DAC561 /* Entites */,
				08EC25AD29A39AF400DAC561 /* EndPoints */,
			);
			path = Common;
			sourceTree = "<group>";
		};
		08EC25AB29A39AB700DAC561 /* Managers */ = {
			isa = PBXGroup;
			children = (
				30AA27AF29A5E0490014C351 /* APIManager.swift */,
				30AA27B129A5E0660014C351 /* APIClient.swift */,
			);
			path = Managers;
			sourceTree = "<group>";
		};
		08EC25AC29A39AC000DAC561 /* Services */ = {
			isa = PBXGroup;
			children = (
				30AA27B329A5E9380014C351 /* HomeService.swift */,
				30A9890129A8ECBA00CD602F /* UmraGideService.swift */,
			);
			path = Services;
			sourceTree = "<group>";
		};
		08EC25AD29A39AF400DAC561 /* EndPoints */ = {
			isa = PBXGroup;
			children = (
				30AA27B529A5EBED0014C351 /* Endpoints.swift */,
			);
			path = EndPoints;
			sourceTree = "<group>";
		};
		08EC25AE29A39B0000DAC561 /* Entites */ = {
			isa = PBXGroup;
			children = (
				30CC5EB929A757A0005C158A /* HandbookDM.swift */,
				08639A2829A5FC61002E0D48 /* NewsDM.swift */,
			);
			path = Entites;
			sourceTree = "<group>";
		};
		08EC25AF29A39B5600DAC561 /* Home */ = {
			isa = PBXGroup;
			children = (
				305DBDF029A493B000D962EF /* CVC */,
				305DBDEE29A48EA300D962EF /* Home-UI.swift */,
				08EC25BD29A39EFD00DAC561 /* HomeViewController.swift */,
				08EC25B929A39ED100DAC561 /* HomePresenter.swift */,
				08EC25BB29A39EEE00DAC561 /* HomeRouter.swift */,
				08EC25BF29A39F0D00DAC561 /* HomeInteractor.swift */,
				08EC25B729A39EB300DAC561 /* HomeContact.swift */,
			);
			path = Home;
			sourceTree = "<group>";
		};
		08EC25B129A39C2F00DAC561 /* Umra Detail - Dua */ = {
			isa = PBXGroup;
			children = (
			);
			path = "Umra Detail - Dua";
			sourceTree = "<group>";
		};
		08EC25B229A39C3800DAC561 /* Umra Detail - Dua Detail */ = {
			isa = PBXGroup;
			children = (
			);
			path = "Umra Detail - Dua Detail";
			sourceTree = "<group>";
		};
		08EC25B329A39C7800DAC561 /* Umra Detail - Preparation */ = {
			isa = PBXGroup;
			children = (
			);
			path = "Umra Detail - Preparation";
			sourceTree = "<group>";
		};
		08EC25B429A39CC400DAC561 /* Umra Detail - Places */ = {
			isa = PBXGroup;
			children = (
			);
			path = "Umra Detail - Places";
			sourceTree = "<group>";
		};
		08EC25B529A39D0500DAC561 /* Umra Detail - Places Detail */ = {
			isa = PBXGroup;
			children = (
			);
			path = "Umra Detail - Places Detail";
			sourceTree = "<group>";
		};
		08EC25B629A39D6200DAC561 /* Umra Detail - Abot */ = {
			isa = PBXGroup;
			children = (
			);
			path = "Umra Detail - Abot";
			sourceTree = "<group>";
		};
		08EC25C129A39F1700DAC561 /* Umra Gides */ = {
			isa = PBXGroup;
			children = (
				30CC5EBB29A757BC005C158A /* TVC */,
				3073449F29A65D700051BFFD /* UmraGide-UI.swift */,
				08EC25C929A39FFD00DAC561 /* UmraGideViewController.swift */,
				08EC25C529A39FDA00DAC561 /* UmraGidePresenter.swift */,
				08EC25CB29A3A00E00DAC561 /* UmraGideInteractor.swift */,
				08EC25C729A39FE800DAC561 /* UmraGideRouter.swift */,
				08EC25C329A39FC700DAC561 /* UmraGideContract.swift */,
			);
			path = "Umra Gides";
			sourceTree = "<group>";
		};
		08EC25C229A39F6500DAC561 /* Umra Gides Detailed */ = {
			isa = PBXGroup;
			children = (
				08EC25B529A39D0500DAC561 /* Umra Detail - Places Detail */,
				08EC25B629A39D6200DAC561 /* Umra Detail - Abot */,
				08EC25B129A39C2F00DAC561 /* Umra Detail - Dua */,
				08EC25B229A39C3800DAC561 /* Umra Detail - Dua Detail */,
				08EC25B329A39C7800DAC561 /* Umra Detail - Preparation */,
				08EC25B429A39CC400DAC561 /* Umra Detail - Places */,
			);
			path = "Umra Gides Detailed";
			sourceTree = "<group>";
		};
		08EC25CF29A3A28E00DAC561 /* AllNews */ = {
			isa = PBXGroup;
			children = (
				08476B6C29A4EAFF006D7509 /* AllNews-UI.swift */,
				08476B7029A4EB2A006D7509 /* AllNewsViewController.swift */,
				08476B7229A4EB4B006D7509 /* AllNewsPresenter.swift */,
				08476B7429A4EB69006D7509 /* AllNewsRouter.swift */,
				08476B7629A4EB78006D7509 /* AllNewsInteractor.swift */,
				08476B6E29A4EB16006D7509 /* AllNewsContract.swift */,
			);
			path = AllNews;
			sourceTree = "<group>";
		};
		305DBDF029A493B000D962EF /* CVC */ = {
			isa = PBXGroup;
			children = (
				305DBDF729A4952E00D962EF /* HomeReusableHeaderView.swift */,
				305DBDF129A4940000D962EF /* HomeNewsCVC.swift */,
				305DBDF329A4945E00D962EF /* HomeGuideCVC.swift */,
				30C71D5A29A5225200E5F6CF /* HomeViewController+Layout.swift */,
			);
			path = CVC;
			sourceTree = "<group>";
		};
		305DBDF929A497C900D962EF /* Extensions */ = {
			isa = PBXGroup;
			children = (
				30C71D5C29A528A000E5F6CF /* App */,
				305DBE0129A498D500D962EF /* UIKit */,
				305DBDFA29A497DB00D962EF /* Identifiable Type  */,
			);
			path = Extensions;
			sourceTree = "<group>";
		};
		305DBDFA29A497DB00D962EF /* Identifiable Type  */ = {
			isa = PBXGroup;
			children = (
				305DBDFB29A4980900D962EF /* ClassIdentifiable.swift */,
				305DBDFD29A4982A00D962EF /* UITableView+ClassIdentifiable.swift */,
				305DBDFF29A4984200D962EF /* UICollectionView+ClassIdentifiable.swift */,
			);
			path = "Identifiable Type ";
			sourceTree = "<group>";
		};
		305DBE0129A498D500D962EF /* UIKit */ = {
			isa = PBXGroup;
			children = (
				305DBE0229A498EE00D962EF /* UIWindow+Extension.swift */,
				30C71D5229A50DAE00E5F6CF /* UIView+Subviews.swift */,
				30C71D5429A50DCC00E5F6CF /* UIView+Shadow.swift */,
				30C71D5829A50E5900E5F6CF /* UIViewController+Extensions.swift */,
				30C71D5629A50E0500E5F6CF /* CALayer+Shadow.swift */,
			);
			path = UIKit;
			sourceTree = "<group>";
		};
		30A9C35029A32AD700C9EEEA = {
			isa = PBXGroup;
			children = (
				30A9C35B29A32AD700C9EEEA /* Nur_Umra */,
				30A9C35A29A32AD700C9EEEA /* Products */,
				F6CA9958BAA1A525D4186582 /* Pods */,
				4B63F65067FFFD7CDB1B9B1B /* Frameworks */,
			);
			sourceTree = "<group>";
		};
		30A9C35A29A32AD700C9EEEA /* Products */ = {
			isa = PBXGroup;
			children = (
				30A9C35929A32AD700C9EEEA /* Nur_Umra.app */,
			);
			name = Products;
			sourceTree = "<group>";
		};
		30A9C35B29A32AD700C9EEEA /* Nur_Umra */ = {
			isa = PBXGroup;
			children = (
				08EC25A529A39A1800DAC561 /* Classes */,
				08EC25A629A39A2E00DAC561 /* Resources */,
				08EC25A429A39A0500DAC561 /* Supporting Files */,
				08EC25A229A341F700DAC561 /* MainVC.swift */,
				30A9C36A29A32AD800C9EEEA /* Info.plist */,
			);
			path = Nur_Umra;
			sourceTree = "<group>";
		};
		30C71D5C29A528A000E5F6CF /* App */ = {
			isa = PBXGroup;
			children = (
				30C71D5D29A528B500E5F6CF /* UIColor+App.swift */,
				30AC276A29A9DEC9005DE047 /* UIFont+App.swift */,
			);
			path = App;
			sourceTree = "<group>";
		};
		30C71D5F29A539DE00E5F6CF /* Utility */ = {
			isa = PBXGroup;
			children = (
			);
			path = Utility;
			sourceTree = "<group>";
		};
		30CC5EBB29A757BC005C158A /* TVC */ = {
			isa = PBXGroup;
			children = (
				30CC5EBC29A757BC005C158A /* UmraGideTVC.swift */,
				30CC5EBD29A757BC005C158A /* UmraGideTopImageTVC.swift */,
			);
			path = TVC;
			sourceTree = "<group>";
		};
		4B63F65067FFFD7CDB1B9B1B /* Frameworks */ = {
			isa = PBXGroup;
			children = (
				BA4BA30C2E6F8DF0B7CEE341 /* Pods_Nur_Umra.framework */,
			);
			name = Frameworks;
			sourceTree = "<group>";
		};
		F6CA9958BAA1A525D4186582 /* Pods */ = {
			isa = PBXGroup;
			children = (
				8DCE3CF87F82B0ACD7566477 /* Pods-Nur_Umra.debug.xcconfig */,
				8B68D0C6A4E41D488AE64253 /* Pods-Nur_Umra.release.xcconfig */,
			);
			path = Pods;
			sourceTree = "<group>";
		};
/* End PBXGroup section */

/* Begin PBXNativeTarget section */
		30A9C35829A32AD700C9EEEA /* Nur_Umra */ = {
			isa = PBXNativeTarget;
			buildConfigurationList = 30A9C36D29A32AD800C9EEEA /* Build configuration list for PBXNativeTarget "Nur_Umra" */;
			buildPhases = (
				B55B066729FEFDE71F95B7F9 /* [CP] Check Pods Manifest.lock */,
				30A9C35529A32AD700C9EEEA /* Sources */,
				30A9C35629A32AD700C9EEEA /* Frameworks */,
				30A9C35729A32AD700C9EEEA /* Resources */,
				4A26E0A8B09BCCFC5F020C06 /* [CP] Embed Pods Frameworks */,
				973CC17C74EAE6774AD9F3D5 /* [CP] Copy Pods Resources */,
			);
			buildRules = (
			);
			dependencies = (
			);
			name = Nur_Umra;
			productName = Nur_Umra;
			productReference = 30A9C35929A32AD700C9EEEA /* Nur_Umra.app */;
			productType = "com.apple.product-type.application";
		};
/* End PBXNativeTarget section */

/* Begin PBXProject section */
		30A9C35129A32AD700C9EEEA /* Project object */ = {
			isa = PBXProject;
			attributes = {
				BuildIndependentTargetsInParallel = 1;
				LastSwiftUpdateCheck = 1420;
				LastUpgradeCheck = 1420;
				TargetAttributes = {
					30A9C35829A32AD700C9EEEA = {
						CreatedOnToolsVersion = 14.2;
					};
				};
			};
			buildConfigurationList = 30A9C35429A32AD700C9EEEA /* Build configuration list for PBXProject "Nur_Umra" */;
			compatibilityVersion = "Xcode 13.0";
			developmentRegion = en;
			hasScannedForEncodings = 0;
			knownRegions = (
				en,
				Base,
			);
			mainGroup = 30A9C35029A32AD700C9EEEA;
			productRefGroup = 30A9C35A29A32AD700C9EEEA /* Products */;
			projectDirPath = "";
			projectRoot = "";
			targets = (
				30A9C35829A32AD700C9EEEA /* Nur_Umra */,
			);
		};
/* End PBXProject section */

/* Begin PBXResourcesBuildPhase section */
		30A9C35729A32AD700C9EEEA /* Resources */ = {
			isa = PBXResourcesBuildPhase;
			buildActionMask = 2147483647;
			files = (
				082FFF5A29A8F47A002F85B6 /* Poppins-Light.ttf in Resources */,
				082FFF6429A8F47A002F85B6 /* Poppins-Black.ttf in Resources */,
				082FFF6229A8F47A002F85B6 /* Poppins-LightItalic.ttf in Resources */,
				082FFF6529A8F47A002F85B6 /* Poppins-Thin.ttf in Resources */,
				082FFF5629A8F47A002F85B6 /* Poppins-ExtraLight.ttf in Resources */,
				082FFF6629A8F47A002F85B6 /* Poppins-SemiBold.ttf in Resources */,
				082FFF6329A8F47A002F85B6 /* Poppins-Bold.ttf in Resources */,
				082FFF5729A8F47A002F85B6 /* Poppins-ThinItalic.ttf in Resources */,
				082FFF5829A8F47A002F85B6 /* Poppins-ExtraLightItalic.ttf in Resources */,
				082FFF5F29A8F47A002F85B6 /* Poppins-BlackItalic.ttf in Resources */,
				082FFF5D29A8F47A002F85B6 /* Poppins-ExtraBoldItalic.ttf in Resources */,
				082FFF5929A8F47A002F85B6 /* Poppins-BoldItalic.ttf in Resources */,
				082FFF5C29A8F47A002F85B6 /* Poppins-SemiBoldItalic.ttf in Resources */,
				082FFF6029A8F47A002F85B6 /* OFL.txt in Resources */,
				082FFF6129A8F47A002F85B6 /* Poppins-Regular.ttf in Resources */,
				082FFF5E29A8F47A002F85B6 /* Poppins-ExtraBold.ttf in Resources */,
				082FFF5B29A8F47A002F85B6 /* Poppins-Medium.ttf in Resources */,
				30A9C36929A32AD800C9EEEA /* LaunchScreen.storyboard in Resources */,
				082FFF6729A8F47A002F85B6 /* Poppins-Italic.ttf in Resources */,
				082FFF6829A8F47A002F85B6 /* Poppins-MediumItalic.ttf in Resources */,
				30A9C36629A32AD800C9EEEA /* Assets.xcassets in Resources */,
			);
			runOnlyForDeploymentPostprocessing = 0;
		};
/* End PBXResourcesBuildPhase section */

/* Begin PBXShellScriptBuildPhase section */
		4A26E0A8B09BCCFC5F020C06 /* [CP] Embed Pods Frameworks */ = {
			isa = PBXShellScriptBuildPhase;
			buildActionMask = 2147483647;
			files = (
			);
			inputFileListPaths = (
				"${PODS_ROOT}/Target Support Files/Pods-Nur_Umra/Pods-Nur_Umra-frameworks-${CONFIGURATION}-input-files.xcfilelist",
			);
			name = "[CP] Embed Pods Frameworks";
			outputFileListPaths = (
				"${PODS_ROOT}/Target Support Files/Pods-Nur_Umra/Pods-Nur_Umra-frameworks-${CONFIGURATION}-output-files.xcfilelist",
			);
			runOnlyForDeploymentPostprocessing = 0;
			shellPath = /bin/sh;
			shellScript = "\"${PODS_ROOT}/Target Support Files/Pods-Nur_Umra/Pods-Nur_Umra-frameworks.sh\"\n";
			showEnvVarsInLog = 0;
		};
		973CC17C74EAE6774AD9F3D5 /* [CP] Copy Pods Resources */ = {
			isa = PBXShellScriptBuildPhase;
			buildActionMask = 2147483647;
			files = (
			);
			inputFileListPaths = (
				"${PODS_ROOT}/Target Support Files/Pods-Nur_Umra/Pods-Nur_Umra-resources-${CONFIGURATION}-input-files.xcfilelist",
			);
			name = "[CP] Copy Pods Resources";
			outputFileListPaths = (
				"${PODS_ROOT}/Target Support Files/Pods-Nur_Umra/Pods-Nur_Umra-resources-${CONFIGURATION}-output-files.xcfilelist",
			);
			runOnlyForDeploymentPostprocessing = 0;
			shellPath = /bin/sh;
			shellScript = "\"${PODS_ROOT}/Target Support Files/Pods-Nur_Umra/Pods-Nur_Umra-resources.sh\"\n";
			showEnvVarsInLog = 0;
		};
		B55B066729FEFDE71F95B7F9 /* [CP] Check Pods Manifest.lock */ = {
			isa = PBXShellScriptBuildPhase;
			buildActionMask = 2147483647;
			files = (
			);
			inputFileListPaths = (
			);
			inputPaths = (
				"${PODS_PODFILE_DIR_PATH}/Podfile.lock",
				"${PODS_ROOT}/Manifest.lock",
			);
			name = "[CP] Check Pods Manifest.lock";
			outputFileListPaths = (
			);
			outputPaths = (
				"$(DERIVED_FILE_DIR)/Pods-Nur_Umra-checkManifestLockResult.txt",
			);
			runOnlyForDeploymentPostprocessing = 0;
			shellPath = /bin/sh;
			shellScript = "diff \"${PODS_PODFILE_DIR_PATH}/Podfile.lock\" \"${PODS_ROOT}/Manifest.lock\" > /dev/null\nif [ $? != 0 ] ; then\n    # print error to STDERR\n    echo \"error: The sandbox is not in sync with the Podfile.lock. Run 'pod install' or update your CocoaPods installation.\" >&2\n    exit 1\nfi\n# This output is used by Xcode 'outputs' to avoid re-running this script phase.\necho \"SUCCESS\" > \"${SCRIPT_OUTPUT_FILE_0}\"\n";
			showEnvVarsInLog = 0;
		};
/* End PBXShellScriptBuildPhase section */

/* Begin PBXSourcesBuildPhase section */
		30A9C35529A32AD700C9EEEA /* Sources */ = {
			isa = PBXSourcesBuildPhase;
			buildActionMask = 2147483647;
			files = (
				30CC5EBA29A757A0005C158A /* HandbookDM.swift in Sources */,
				305DBDFE29A4982A00D962EF /* UITableView+ClassIdentifiable.swift in Sources */,
				082FFF3C29A8DDE8002F85B6 /* NewsDetailedPresenter.swift in Sources */,
				305DBE0029A4984200D962EF /* UICollectionView+ClassIdentifiable.swift in Sources */,
				08476B7729A4EB78006D7509 /* AllNewsInteractor.swift in Sources */,
				305DBE0329A498EE00D962EF /* UIWindow+Extension.swift in Sources */,
				305DBDF429A4945E00D962EF /* HomeGuideCVC.swift in Sources */,
				082FFF3A29A8DDCB002F85B6 /* NewsDetailedViewController.swift in Sources */,
				08476B6D29A4EAFF006D7509 /* AllNews-UI.swift in Sources */,
				082FFF3829A8DDB1002F85B6 /* NewsDetailedContract.swift in Sources */,
				30AA27B429A5E9380014C351 /* HomeService.swift in Sources */,
				30CC5EBF29A757BC005C158A /* UmraGideTopImageTVC.swift in Sources */,
				08EC25A329A341F700DAC561 /* MainVC.swift in Sources */,
				08EC25B829A39EB300DAC561 /* HomeContact.swift in Sources */,
				30AA27B229A5E0660014C351 /* APIClient.swift in Sources */,
				30A9C35D29A32AD700C9EEEA /* AppDelegate.swift in Sources */,
				08EC25BA29A39ED100DAC561 /* HomePresenter.swift in Sources */,
				08EC25C829A39FE800DAC561 /* UmraGideRouter.swift in Sources */,
				08476B7329A4EB4B006D7509 /* AllNewsPresenter.swift in Sources */,
				30AC276B29A9DEC9005DE047 /* UIFont+App.swift in Sources */,
				30AA27B029A5E0490014C351 /* APIManager.swift in Sources */,
				08EC25C629A39FDA00DAC561 /* UmraGidePresenter.swift in Sources */,
				08476B7129A4EB2A006D7509 /* AllNewsViewController.swift in Sources */,
				30A9890229A8ECBA00CD602F /* UmraGideService.swift in Sources */,
				08EC25CA29A39FFD00DAC561 /* UmraGideViewController.swift in Sources */,
				305DBDF829A4952E00D962EF /* HomeReusableHeaderView.swift in Sources */,
				30C71D5929A50E5900E5F6CF /* UIViewController+Extensions.swift in Sources */,
				30C71D5329A50DAE00E5F6CF /* UIView+Subviews.swift in Sources */,
				08EC25BC29A39EEE00DAC561 /* HomeRouter.swift in Sources */,
				30C71D5B29A5225200E5F6CF /* HomeViewController+Layout.swift in Sources */,
				305DBDEF29A48EA300D962EF /* Home-UI.swift in Sources */,
				305DBDF229A4940000D962EF /* HomeNewsCVC.swift in Sources */,
				305DBDFC29A4980900D962EF /* ClassIdentifiable.swift in Sources */,
				08639A2929A5FC61002E0D48 /* NewsDM.swift in Sources */,
				30C71D5729A50E0500E5F6CF /* CALayer+Shadow.swift in Sources */,
				30AA27B629A5EBED0014C351 /* Endpoints.swift in Sources */,
				307344A029A65D700051BFFD /* UmraGide-UI.swift in Sources */,
				30CC5EBE29A757BC005C158A /* UmraGideTVC.swift in Sources */,
				30C71D5E29A528B500E5F6CF /* UIColor+App.swift in Sources */,
				082FFF3E29A8DDF8002F85B6 /* NewsDetailedRouter.swift in Sources */,
				08EC25CC29A3A00E00DAC561 /* UmraGideInteractor.swift in Sources */,
				08EC25C429A39FC700DAC561 /* UmraGideContract.swift in Sources */,
				082FFF4029A8E168002F85B6 /* NewsDetailedInteractor.swift in Sources */,
				08EC25BE29A39EFD00DAC561 /* HomeViewController.swift in Sources */,
				08EC25C029A39F0D00DAC561 /* HomeInteractor.swift in Sources */,
				08476B6F29A4EB16006D7509 /* AllNewsContract.swift in Sources */,
				30C71D5529A50DCC00E5F6CF /* UIView+Shadow.swift in Sources */,
				082FFF3629A8DDA0002F85B6 /* NewsDetailed-UI.swift in Sources */,
				08476B7529A4EB69006D7509 /* AllNewsRouter.swift in Sources */,
			);
			runOnlyForDeploymentPostprocessing = 0;
		};
/* End PBXSourcesBuildPhase section */

/* Begin PBXVariantGroup section */
		30A9C36729A32AD800C9EEEA /* LaunchScreen.storyboard */ = {
			isa = PBXVariantGroup;
			children = (
				30A9C36829A32AD800C9EEEA /* Base */,
			);
			name = LaunchScreen.storyboard;
			sourceTree = "<group>";
		};
/* End PBXVariantGroup section */

/* Begin XCBuildConfiguration section */
		30A9C36B29A32AD800C9EEEA /* Debug */ = {
			isa = XCBuildConfiguration;
			buildSettings = {
				ALWAYS_SEARCH_USER_PATHS = NO;
				CLANG_ANALYZER_NONNULL = YES;
				CLANG_ANALYZER_NUMBER_OBJECT_CONVERSION = YES_AGGRESSIVE;
				CLANG_CXX_LANGUAGE_STANDARD = "gnu++20";
				CLANG_ENABLE_MODULES = YES;
				CLANG_ENABLE_OBJC_ARC = YES;
				CLANG_ENABLE_OBJC_WEAK = YES;
				CLANG_WARN_BLOCK_CAPTURE_AUTORELEASING = YES;
				CLANG_WARN_BOOL_CONVERSION = YES;
				CLANG_WARN_COMMA = YES;
				CLANG_WARN_CONSTANT_CONVERSION = YES;
				CLANG_WARN_DEPRECATED_OBJC_IMPLEMENTATIONS = YES;
				CLANG_WARN_DIRECT_OBJC_ISA_USAGE = YES_ERROR;
				CLANG_WARN_DOCUMENTATION_COMMENTS = YES;
				CLANG_WARN_EMPTY_BODY = YES;
				CLANG_WARN_ENUM_CONVERSION = YES;
				CLANG_WARN_INFINITE_RECURSION = YES;
				CLANG_WARN_INT_CONVERSION = YES;
				CLANG_WARN_NON_LITERAL_NULL_CONVERSION = YES;
				CLANG_WARN_OBJC_IMPLICIT_RETAIN_SELF = YES;
				CLANG_WARN_OBJC_LITERAL_CONVERSION = YES;
				CLANG_WARN_OBJC_ROOT_CLASS = YES_ERROR;
				CLANG_WARN_QUOTED_INCLUDE_IN_FRAMEWORK_HEADER = YES;
				CLANG_WARN_RANGE_LOOP_ANALYSIS = YES;
				CLANG_WARN_STRICT_PROTOTYPES = YES;
				CLANG_WARN_SUSPICIOUS_MOVE = YES;
				CLANG_WARN_UNGUARDED_AVAILABILITY = YES_AGGRESSIVE;
				CLANG_WARN_UNREACHABLE_CODE = YES;
				CLANG_WARN__DUPLICATE_METHOD_MATCH = YES;
				COPY_PHASE_STRIP = NO;
				DEBUG_INFORMATION_FORMAT = dwarf;
				ENABLE_STRICT_OBJC_MSGSEND = YES;
				ENABLE_TESTABILITY = YES;
				GCC_C_LANGUAGE_STANDARD = gnu11;
				GCC_DYNAMIC_NO_PIC = NO;
				GCC_NO_COMMON_BLOCKS = YES;
				GCC_OPTIMIZATION_LEVEL = 0;
				GCC_PREPROCESSOR_DEFINITIONS = (
					"DEBUG=1",
					"$(inherited)",
				);
				GCC_WARN_64_TO_32_BIT_CONVERSION = YES;
				GCC_WARN_ABOUT_RETURN_TYPE = YES_ERROR;
				GCC_WARN_UNDECLARED_SELECTOR = YES;
				GCC_WARN_UNINITIALIZED_AUTOS = YES_AGGRESSIVE;
				GCC_WARN_UNUSED_FUNCTION = YES;
				GCC_WARN_UNUSED_VARIABLE = YES;
				IPHONEOS_DEPLOYMENT_TARGET = 13.0;
				MTL_ENABLE_DEBUG_INFO = INCLUDE_SOURCE;
				MTL_FAST_MATH = YES;
				ONLY_ACTIVE_ARCH = YES;
				SDKROOT = iphoneos;
				SWIFT_ACTIVE_COMPILATION_CONDITIONS = DEBUG;
				SWIFT_OPTIMIZATION_LEVEL = "-Onone";
			};
			name = Debug;
		};
		30A9C36C29A32AD800C9EEEA /* Release */ = {
			isa = XCBuildConfiguration;
			buildSettings = {
				ALWAYS_SEARCH_USER_PATHS = NO;
				CLANG_ANALYZER_NONNULL = YES;
				CLANG_ANALYZER_NUMBER_OBJECT_CONVERSION = YES_AGGRESSIVE;
				CLANG_CXX_LANGUAGE_STANDARD = "gnu++20";
				CLANG_ENABLE_MODULES = YES;
				CLANG_ENABLE_OBJC_ARC = YES;
				CLANG_ENABLE_OBJC_WEAK = YES;
				CLANG_WARN_BLOCK_CAPTURE_AUTORELEASING = YES;
				CLANG_WARN_BOOL_CONVERSION = YES;
				CLANG_WARN_COMMA = YES;
				CLANG_WARN_CONSTANT_CONVERSION = YES;
				CLANG_WARN_DEPRECATED_OBJC_IMPLEMENTATIONS = YES;
				CLANG_WARN_DIRECT_OBJC_ISA_USAGE = YES_ERROR;
				CLANG_WARN_DOCUMENTATION_COMMENTS = YES;
				CLANG_WARN_EMPTY_BODY = YES;
				CLANG_WARN_ENUM_CONVERSION = YES;
				CLANG_WARN_INFINITE_RECURSION = YES;
				CLANG_WARN_INT_CONVERSION = YES;
				CLANG_WARN_NON_LITERAL_NULL_CONVERSION = YES;
				CLANG_WARN_OBJC_IMPLICIT_RETAIN_SELF = YES;
				CLANG_WARN_OBJC_LITERAL_CONVERSION = YES;
				CLANG_WARN_OBJC_ROOT_CLASS = YES_ERROR;
				CLANG_WARN_QUOTED_INCLUDE_IN_FRAMEWORK_HEADER = YES;
				CLANG_WARN_RANGE_LOOP_ANALYSIS = YES;
				CLANG_WARN_STRICT_PROTOTYPES = YES;
				CLANG_WARN_SUSPICIOUS_MOVE = YES;
				CLANG_WARN_UNGUARDED_AVAILABILITY = YES_AGGRESSIVE;
				CLANG_WARN_UNREACHABLE_CODE = YES;
				CLANG_WARN__DUPLICATE_METHOD_MATCH = YES;
				COPY_PHASE_STRIP = NO;
				DEBUG_INFORMATION_FORMAT = "dwarf-with-dsym";
				ENABLE_NS_ASSERTIONS = NO;
				ENABLE_STRICT_OBJC_MSGSEND = YES;
				GCC_C_LANGUAGE_STANDARD = gnu11;
				GCC_NO_COMMON_BLOCKS = YES;
				GCC_WARN_64_TO_32_BIT_CONVERSION = YES;
				GCC_WARN_ABOUT_RETURN_TYPE = YES_ERROR;
				GCC_WARN_UNDECLARED_SELECTOR = YES;
				GCC_WARN_UNINITIALIZED_AUTOS = YES_AGGRESSIVE;
				GCC_WARN_UNUSED_FUNCTION = YES;
				GCC_WARN_UNUSED_VARIABLE = YES;
				IPHONEOS_DEPLOYMENT_TARGET = 13.0;
				MTL_ENABLE_DEBUG_INFO = NO;
				MTL_FAST_MATH = YES;
				SDKROOT = iphoneos;
				SWIFT_COMPILATION_MODE = wholemodule;
				SWIFT_OPTIMIZATION_LEVEL = "-O";
				VALIDATE_PRODUCT = YES;
			};
			name = Release;
		};
		30A9C36E29A32AD800C9EEEA /* Debug */ = {
			isa = XCBuildConfiguration;
			baseConfigurationReference = 8DCE3CF87F82B0ACD7566477 /* Pods-Nur_Umra.debug.xcconfig */;
			buildSettings = {
				ASSETCATALOG_COMPILER_APPICON_NAME = AppIcon;
				ASSETCATALOG_COMPILER_GLOBAL_ACCENT_COLOR_NAME = AccentColor;
				CODE_SIGN_STYLE = Automatic;
				CURRENT_PROJECT_VERSION = 1;
				DEVELOPMENT_TEAM = "";
				GENERATE_INFOPLIST_FILE = YES;
				INFOPLIST_FILE = Nur_Umra/Info.plist;
				INFOPLIST_KEY_UIApplicationSupportsIndirectInputEvents = YES;
				INFOPLIST_KEY_UILaunchStoryboardName = LaunchScreen;
				INFOPLIST_KEY_UIStatusBarStyle = UIStatusBarStyleLightContent;
				INFOPLIST_KEY_UISupportedInterfaceOrientations = UIInterfaceOrientationPortrait;
				IPHONEOS_DEPLOYMENT_TARGET = 13.0;
				LD_RUNPATH_SEARCH_PATHS = (
					"$(inherited)",
					"@executable_path/Frameworks",
				);
				MARKETING_VERSION = 1.0;
				PRODUCT_BUNDLE_IDENTIFIER = "com.avazbek.Nur-Umra";
				PRODUCT_NAME = "$(TARGET_NAME)";
				SWIFT_EMIT_LOC_STRINGS = YES;
				SWIFT_VERSION = 5.0;
				TARGETED_DEVICE_FAMILY = "1,2";
			};
			name = Debug;
		};
		30A9C36F29A32AD800C9EEEA /* Release */ = {
			isa = XCBuildConfiguration;
			baseConfigurationReference = 8B68D0C6A4E41D488AE64253 /* Pods-Nur_Umra.release.xcconfig */;
			buildSettings = {
				ASSETCATALOG_COMPILER_APPICON_NAME = AppIcon;
				ASSETCATALOG_COMPILER_GLOBAL_ACCENT_COLOR_NAME = AccentColor;
				CODE_SIGN_STYLE = Automatic;
				CURRENT_PROJECT_VERSION = 1;
				DEVELOPMENT_TEAM = "";
				GENERATE_INFOPLIST_FILE = YES;
				INFOPLIST_FILE = Nur_Umra/Info.plist;
				INFOPLIST_KEY_UIApplicationSupportsIndirectInputEvents = YES;
				INFOPLIST_KEY_UILaunchStoryboardName = LaunchScreen;
				INFOPLIST_KEY_UIStatusBarStyle = UIStatusBarStyleLightContent;
				INFOPLIST_KEY_UISupportedInterfaceOrientations = UIInterfaceOrientationPortrait;
				IPHONEOS_DEPLOYMENT_TARGET = 13.0;
				LD_RUNPATH_SEARCH_PATHS = (
					"$(inherited)",
					"@executable_path/Frameworks",
				);
				MARKETING_VERSION = 1.0;
				PRODUCT_BUNDLE_IDENTIFIER = "com.avazbek.Nur-Umra";
				PRODUCT_NAME = "$(TARGET_NAME)";
				SWIFT_EMIT_LOC_STRINGS = YES;
				SWIFT_VERSION = 5.0;
				TARGETED_DEVICE_FAMILY = "1,2";
			};
			name = Release;
		};
/* End XCBuildConfiguration section */

/* Begin XCConfigurationList section */
		30A9C35429A32AD700C9EEEA /* Build configuration list for PBXProject "Nur_Umra" */ = {
			isa = XCConfigurationList;
			buildConfigurations = (
				30A9C36B29A32AD800C9EEEA /* Debug */,
				30A9C36C29A32AD800C9EEEA /* Release */,
			);
			defaultConfigurationIsVisible = 0;
			defaultConfigurationName = Release;
		};
		30A9C36D29A32AD800C9EEEA /* Build configuration list for PBXNativeTarget "Nur_Umra" */ = {
			isa = XCConfigurationList;
			buildConfigurations = (
				30A9C36E29A32AD800C9EEEA /* Debug */,
				30A9C36F29A32AD800C9EEEA /* Release */,
			);
			defaultConfigurationIsVisible = 0;
			defaultConfigurationName = Release;
		};
/* End XCConfigurationList section */
	};
	rootObject = 30A9C35129A32AD700C9EEEA /* Project object */;
}
